<?xml version="1.0" encoding="utf-8"?>
<Project ToolsVersion="4.0" xmlns="http://schemas.microsoft.com/developer/msbuild/2003">
  <ItemGroup>
    <Filter Include="Source Files">
      <UniqueIdentifier>{4FC737F1-C7A5-4376-A066-2A32D752A2FF}</UniqueIdentifier>
      <Extensions>cpp;c;cc;cxx;def;odl;idl;hpj;bat;asm;asmx</Extensions>
    </Filter>
    <Filter Include="Header Files">
      <UniqueIdentifier>{93995380-89BD-4b04-88EB-625FBE52EBFB}</UniqueIdentifier>
      <Extensions>h;hh;hpp;hxx;hm;inl;inc;xsd</Extensions>
    </Filter>
    <Filter Include="Resource Files">
      <UniqueIdentifier>{67DA6AB6-F800-4c08-8B7A-83BB121AAD01}</UniqueIdentifier>
      <Extensions>rc;ico;cur;bmp;dlg;rc2;rct;bin;rgs;gif;jpg;jpeg;jpe;resx;tiff;tif;png;wav;mfcribbon-ms</Extensions>
    </Filter>
  </ItemGroup>
  <ItemGroup>
    <ClCompile Include="pgc_base.cpp">
      <Filter>Source Files</Filter>
    </ClCompile>
    <ClCompile Include="pgc_block.cpp">
      <Filter>Source Files</Filter>
    </ClCompile>
    <ClCompile Include="pgc_promotion.cpp">
      <Filter>Source Files</Filter>
    </ClCompile>
    <ClCompile Include="pgc_transaction.cpp">
      <Filter>Source Files</Filter>
    </ClCompile>
    <ClCompile Include="pgc_pch.cpp">
      <Filter>Source Files</Filter>
    </ClCompile>
    <ClCompile Include="pgc_typecheck.cpp">
      <Filter>Source Files</Filter>
    </ClCompile>
    <ClCompile Include="pgc_user.cpp">
      <Filter>Source Files</Filter>
    </ClCompile>
    <ClCompile Include="promotioncapture.cpp">
      <Filter>Source Files</Filter>
    </ClCompile>
    <ClCompile Include="thread.cpp">
      <Filter>Source Files</Filter>
    </ClCompile>
  </ItemGroup>
  <ItemGroup>
    <ClInclude Include="..\inc\exp_ctrl_pgc.h">
      <Filter>Header Files</Filter>
    </ClInclude>
    <ClInclude Include="..\inc\pgc.h">
      <Filter>Header Files</Filter>
    </ClInclude>
    <ClInclude Include="..\inc\pgc_base.h">
      <Filter>Header Files</Filter>
    </ClInclude>
    <ClInclude Include="..\inc\pgc_stacktransaction.h">
      <Filter>Header Files</Filter>
    </ClInclude>
    <ClInclude Include="..\inc\pgc_transaction.h">
      <Filter>Header Files</Filter>
    </ClInclude>
    <ClInclude Include="..\inc\ref.h">
      <Filter>Header Files</Filter>
    </ClInclude>
    <ClInclude Include="..\inc\pgc_task.h">
      <Filter>Header Files</Filter>
    </ClInclude>
    <ClInclude Include="..\inc\pgc_block.h">
      <Filter>Header Files</Filter>
    </ClInclude>
    <ClInclude Include="pgc_pch.h">
      <Filter>Header Files</Filter>
    </ClInclude>
    <ClInclude Include="..\inc\pgc_promotion.h">
      <Filter>Header Files</Filter>
    </ClInclude>
    <ClInclude Include="..\inc\pgc_promotemacros.h">
      <Filter>Header Files</Filter>
    </ClInclude>
    <ClInclude Include="..\inc\pgc_typecheck.h">
      <Filter>Header Files</Filter>
    </ClInclude>
    <ClInclude Include="..\inc\pgc_promotionstrategy.h">
      <Filter>Header Files</Filter>
    </ClInclude>
    <ClInclude Include="..\inc\memberref.h">
      <Filter>Header Files</Filter>
    </ClInclude>
    <ClInclude Include="..\inc\sref.h">
      <Filter>Header Files</Filter>
    </ClInclude>
    <ClInclude Include="..\inc\pgc_user.h">
      <Filter>Header Files</Filter>
    </ClInclude>
    <ClInclude Include="..\inc\pgc_unordered_map_ref.h">
      <Filter>Header Files</Filter>
    </ClInclude>
    <ClInclude Include="..\inc\pgc_vector_member_ref.h">
      <Filter>Header Files</Filter>
    </ClInclude>
    <ClInclude Include="..\inc\refcore.h">
      <Filter>Header Files</Filter>
    </ClInclude>
    <ClInclude Include="..\inc\pinproxy.h">
      <Filter>Header Files</Filter>
    </ClInclude>
    <ClInclude Include="..\inc\promotioncapture.h">
      <Filter>Header Files</Filter>
    </ClInclude>
    <ClInclude Include="..\inc\vector_ref.h">
      <Filter>Header Files</Filter>
    </ClInclude>
    <ClInclude Include="..\inc\pgc_ready.h">
      <Filter>Header Files</Filter>
    </ClInclude>
    <ClInclude Include="..\inc\pgc_registry.h">
      <Filter>Header Files</Filter>
    </ClInclude>
    <ClInclude Include="..\inc\ref_advanced.h">
      <Filter>Header Files</Filter>
    </ClInclude>
    <ClInclude Include="..\inc\ref_direct.h">
      <Filter>Header Files</Filter>
    </ClInclude>
    <ClInclude Include="..\inc\pair.h">
      <Filter>Header Files</Filter>
    </ClInclude>
    <ClInclude Include="..\inc\self_advanced.h">
      <Filter>Header Files</Filter>
    </ClInclude>
    <ClInclude Include="..\inc\self.h">
      <Filter>Header Files</Filter>
    </ClInclude>
    <ClInclude Include="..\inc\dori.h">
      <Filter>Header Files</Filter>
    </ClInclude>
    <ClInclude Include="..\inc\make_dori.h">
      <Filter>Header Files</Filter>
    </ClInclude>
    <ClInclude Include="..\inc\reversible_guard.h">
      <Filter>Header Files</Filter>
    </ClInclude>
    <ClInclude Include="..\inc\thread.h">
      <Filter>Header Files</Filter>
    </ClInclude>
  </ItemGroup>
</Project>