<?xml version="1.0" encoding="utf-8"?>
<Project ToolsVersion="4.0" xmlns="http://schemas.microsoft.com/developer/msbuild/2003">
  <ItemGroup>
    <Filter Include="Interface Source Files">
      <UniqueIdentifier>{6a11f37e-8f8c-44a4-8f8b-8b097ac5e9a7}</UniqueIdentifier>
    </Filter>
    <Filter Include="Resource Files">
      <UniqueIdentifier>{67DA6AB6-F800-4c08-8B7A-83BB121AAD01}</UniqueIdentifier>
      <Extensions>rc;ico;cur;bmp;dlg;rc2;rct;bin;rgs;gif;jpg;jpeg;jpe;resx;tiff;tif;png;wav;mfcribbon-ms</Extensions>
    </Filter>
    <Filter Include="HTML Files">
      <UniqueIdentifier>{0f6745aa-0fdc-4197-9cf6-e3fdd89bdec1}</UniqueIdentifier>
    </Filter>
    <Filter Include="Interface Header Files">
      <UniqueIdentifier>{6431e301-79a9-4b7c-a635-00e2bf791113}</UniqueIdentifier>
    </Filter>
    <Filter Include="Source Files">
      <UniqueIdentifier>{bc618a2b-4f15-4059-bcd9-60a08f945254}</UniqueIdentifier>
    </Filter>
    <Filter Include="Header Files">
      <UniqueIdentifier>{568f30c0-dc71-4dff-931d-ccdf95eb23b9}</UniqueIdentifier>
    </Filter>
  </ItemGroup>
  <ItemGroup>
    <ClInclude Include="http_connection.h">
      <Filter>Header Files</Filter>
    </ClInclude>
    <ClInclude Include="http_connection_manager.h">
      <Filter>Header Files</Filter>
    </ClInclude>
    <ClInclude Include="http_header.h">
      <Filter>Header Files</Filter>
    </ClInclude>
    <ClInclude Include="http_mime_types.h">
      <Filter>Header Files</Filter>
    </ClInclude>
    <ClInclude Include="http_reply.h">
      <Filter>Header Files</Filter>
    </ClInclude>
    <ClInclude Include="http_request.h">
      <Filter>Header Files</Filter>
    </ClInclude>
    <ClInclude Include="http_request_handler.h">
      <Filter>Header Files</Filter>
    </ClInclude>
    <ClInclude Include="http_request_parser.h">
      <Filter>Header Files</Filter>
    </ClInclude>
    <ClInclude Include="http_server.h">
      <Filter>Header Files</Filter>
    </ClInclude>
    <ClInclude Include="..\inc\sn_factory.h">
      <Filter>Interface Header Files</Filter>
    </ClInclude>
    <ClInclude Include="http_server_lib_pch.h">
      <Filter>Header Files</Filter>
    </ClInclude>
  </ItemGroup>
  <ItemGroup>
    <ClCompile Include="http_server.cpp">
      <Filter>Source Files</Filter>
    </ClCompile>
    <ClCompile Include="http_connection.cpp">
      <Filter>Source Files</Filter>
    </ClCompile>
    <ClCompile Include="http_connection_manager.cpp">
      <Filter>Source Files</Filter>
    </ClCompile>
    <ClCompile Include="http_mime_types.cpp">
      <Filter>Source Files</Filter>
    </ClCompile>
    <ClCompile Include="http_reply.cpp">
      <Filter>Source Files</Filter>
    </ClCompile>
    <ClCompile Include="http_request_handler.cpp">
      <Filter>Source Files</Filter>
    </ClCompile>
    <ClCompile Include="http_request_parser.cpp">
      <Filter>Source Files</Filter>
    </ClCompile>
    <ClCompile Include="sn_factory.cpp">
      <Filter>Interface Source Files</Filter>
    </ClCompile>
    <ClCompile Include="http_server_lib_pch.cpp">
      <Filter>Source Files</Filter>
    </ClCompile>
  </ItemGroup>
  <ItemGroup>
    <None Include="..\html\skynetjs.html">
      <Filter>HTML Files</Filter>
    </None>
    <None Include="..\html\style.css">
      <Filter>HTML Files</Filter>
    </None>
    <None Include="..\html\help_index.html">
      <Filter>HTML Files</Filter>
    </None>
    <None Include="..\html\help_start.html">
      <Filter>HTML Files</Filter>
    </None>
  </ItemGroup>
  <ItemGroup>
    <Image Include="..\html\favicon.ico">
      <Filter>HTML Files</Filter>
    </Image>
  </ItemGroup>
</Project>