<?xml version="1.0" encoding="utf-8"?>
<Project ToolsVersion="4.0" xmlns="http://schemas.microsoft.com/developer/msbuild/2003">
  <ItemGroup>
    <Filter Include="Interface Source Files">
      <UniqueIdentifier>{6a11f37e-8f8c-44a4-8f8b-8b097ac5e9a7}</UniqueIdentifier>
    </Filter>
    <Filter Include="Function Source Files">
      <UniqueIdentifier>{4fc75c47-a94c-4fc3-a1de-a77f82711a02}</UniqueIdentifier>
    </Filter>
    <Filter Include="Function Header Files">
      <UniqueIdentifier>{e07d04c9-c619-4844-9bd2-825b2ce49a79}</UniqueIdentifier>
    </Filter>
    <Filter Include="Type Source Files">
      <UniqueIdentifier>{6032bffa-9a2e-4e5b-a101-dd4ced741821}</UniqueIdentifier>
    </Filter>
    <Filter Include="Expression Header Files">
      <UniqueIdentifier>{7e2e8206-1d0c-4fad-a9f5-f7726deb9b86}</UniqueIdentifier>
    </Filter>
    <Filter Include="Expression Source Files">
      <UniqueIdentifier>{d3c2c297-aa10-42f3-8096-7346d8732f22}</UniqueIdentifier>
    </Filter>
    <Filter Include="Type Header Files">
      <UniqueIdentifier>{54715f50-2a2e-4d23-8a04-2c640a8dffd6}</UniqueIdentifier>
    </Filter>
    <Filter Include="HTTP Source Files">
      <UniqueIdentifier>{bc618a2b-4f15-4059-bcd9-60a08f945254}</UniqueIdentifier>
    </Filter>
    <Filter Include="HTTP Header Files">
      <UniqueIdentifier>{568f30c0-dc71-4dff-931d-ccdf95eb23b9}</UniqueIdentifier>
    </Filter>
    <Filter Include="General Header Files">
      <UniqueIdentifier>{93995380-89BD-4b04-88EB-625FBE52EBFB}</UniqueIdentifier>
      <Extensions>h;hh;hpp;hxx;hm;inl;inc;xsd</Extensions>
    </Filter>
    <Filter Include="General Source Files">
      <UniqueIdentifier>{4FC737F1-C7A5-4376-A066-2A32D752A2FF}</UniqueIdentifier>
      <Extensions>cpp;c;cc;cxx;def;odl;idl;hpj;bat;asm;asmx</Extensions>
    </Filter>
    <Filter Include="Interface Header Files">
      <UniqueIdentifier>{6431e301-79a9-4b7c-a635-00e2bf791113}</UniqueIdentifier>
    </Filter>
    <Filter Include="Resource Files">
      <UniqueIdentifier>{67DA6AB6-F800-4c08-8B7A-83BB121AAD01}</UniqueIdentifier>
      <Extensions>rc;ico;cur;bmp;dlg;rc2;rct;bin;rgs;gif;jpg;jpeg;jpe;resx;tiff;tif;png;wav;mfcribbon-ms</Extensions>
    </Filter>
    <Filter Include="HTML Files">
      <UniqueIdentifier>{0f6745aa-0fdc-4197-9cf6-e3fdd89bdec1}</UniqueIdentifier>
    </Filter>
  </ItemGroup>
  <ItemGroup>
    <ClInclude Include="sni_namable.h">
      <Filter>General Header Files</Filter>
    </ClInclude>
    <ClInclude Include="sni_object.h">
      <Filter>General Header Files</Filter>
    </ClInclude>
    <ClInclude Include="sni_replacement.h">
      <Filter>General Header Files</Filter>
    </ClInclude>
    <ClInclude Include="sni_taggedvalue.h">
      <Filter>General Header Files</Filter>
    </ClInclude>
    <ClInclude Include="sni_world.h">
      <Filter>General Header Files</Filter>
    </ClInclude>
    <ClInclude Include="sni_worldset.h">
      <Filter>General Header Files</Filter>
    </ClInclude>
    <ClInclude Include="utility.h">
      <Filter>General Header Files</Filter>
    </ClInclude>
    <ClInclude Include="..\inc\exp_ctrl_sn.h">
      <Filter>Interface Header Files</Filter>
    </ClInclude>
    <ClInclude Include="..\inc\exp_ctrl_sn_lib.h">
      <Filter>Interface Header Files</Filter>
    </ClInclude>
    <ClInclude Include="..\inc\parser.h">
      <Filter>Interface Header Files</Filter>
    </ClInclude>
    <ClInclude Include="..\inc\sn.h">
      <Filter>Interface Header Files</Filter>
    </ClInclude>
    <ClInclude Include="..\inc\sn_bool.h">
      <Filter>Interface Header Files</Filter>
    </ClInclude>
    <ClInclude Include="..\inc\sn_char.h">
      <Filter>Interface Header Files</Filter>
    </ClInclude>
    <ClInclude Include="..\inc\sn_define.h">
      <Filter>Interface Header Files</Filter>
    </ClInclude>
    <ClInclude Include="..\inc\sn_error.h">
      <Filter>Interface Header Files</Filter>
    </ClInclude>
    <ClInclude Include="..\inc\sn_expression.h">
      <Filter>Interface Header Files</Filter>
    </ClInclude>
    <ClInclude Include="..\inc\sn_function.h">
      <Filter>Interface Header Files</Filter>
    </ClInclude>
    <ClInclude Include="..\inc\sn_functiondef.h">
      <Filter>Interface Header Files</Filter>
    </ClInclude>
    <ClInclude Include="..\inc\sn_lambda.h">
      <Filter>Interface Header Files</Filter>
    </ClInclude>
    <ClInclude Include="..\inc\sn_local.h">
      <Filter>Interface Header Files</Filter>
    </ClInclude>
    <ClInclude Include="..\inc\sn_meta.h">
      <Filter>Interface Header Files</Filter>
    </ClInclude>
    <ClInclude Include="..\inc\sn_null.h">
      <Filter>Interface Header Files</Filter>
    </ClInclude>
    <ClInclude Include="..\inc\sn_number.h">
      <Filter>Interface Header Files</Filter>
    </ClInclude>
    <ClInclude Include="..\inc\sn_object.h">
      <Filter>Interface Header Files</Filter>
    </ClInclude>
    <ClInclude Include="..\inc\sn_parameter.h">
      <Filter>Interface Header Files</Filter>
    </ClInclude>
    <ClInclude Include="..\inc\sn_set.h">
      <Filter>Interface Header Files</Filter>
    </ClInclude>
    <ClInclude Include="..\inc\sn_string.h">
      <Filter>Interface Header Files</Filter>
    </ClInclude>
    <ClInclude Include="..\inc\sn_stringref.h">
      <Filter>Interface Header Files</Filter>
    </ClInclude>
    <ClInclude Include="..\inc\sn_value.h">
      <Filter>Interface Header Files</Filter>
    </ClInclude>
    <ClInclude Include="..\inc\sn_valueset.h">
      <Filter>Interface Header Files</Filter>
    </ClInclude>
    <ClInclude Include="..\inc\sn_variable.h">
      <Filter>Interface Header Files</Filter>
    </ClInclude>
    <ClInclude Include="sni_delayedcall.h">
      <Filter>General Header Files</Filter>
    </ClInclude>
    <ClInclude Include="sni_delayedprocessor.h">
      <Filter>General Header Files</Filter>
    </ClInclude>
    <ClInclude Include="..\inc\sn_let.h">
      <Filter>Interface Header Files</Filter>
    </ClInclude>
    <ClInclude Include="..\inc\sn_base.h">
      <Filter>Interface Header Files</Filter>
    </ClInclude>
    <ClInclude Include="sni_result.h">
      <Filter>General Header Files</Filter>
    </ClInclude>
    <ClInclude Include="..\inc\sn_debug.h">
      <Filter>Interface Header Files</Filter>
    </ClInclude>
    <ClInclude Include="..\inc\sn_cartesian.h">
      <Filter>Interface Header Files</Filter>
    </ClInclude>
    <ClInclude Include="..\inc\log.h">
      <Filter>Interface Header Files</Filter>
    </ClInclude>
    <ClInclude Include="..\inc\logcontext.h">
      <Filter>Interface Header Files</Filter>
    </ClInclude>
    <ClInclude Include="sni_helpers.h">
      <Filter>General Header Files</Filter>
    </ClInclude>
    <ClInclude Include="..\inc\sn_manager.h">
      <Filter>Interface Header Files</Filter>
    </ClInclude>
    <ClInclude Include="sni_manager.h">
      <Filter>General Header Files</Filter>
    </ClInclude>
    <ClInclude Include="sn_pch.h">
      <Filter>General Header Files</Filter>
    </ClInclude>
    <ClInclude Include="..\inc\sn_real.h">
      <Filter>Interface Header Files</Filter>
    </ClInclude>
    <ClInclude Include="..\inc\sn_operators.h">
      <Filter>Interface Header Files</Filter>
    </ClInclude>
    <ClInclude Include="..\inc\sn_macros.h">
      <Filter>Interface Header Files</Filter>
    </ClInclude>
    <ClInclude Include="sni_cartesian.h">
      <Filter>General Header Files</Filter>
    </ClInclude>
    <ClInclude Include="sni_splitter.h">
      <Filter>General Header Files</Filter>
    </ClInclude>
    <ClInclude Include="..\inc\sni_base.h">
      <Filter>Interface Header Files</Filter>
    </ClInclude>
    <ClInclude Include="sni_cartcall.h">
      <Filter>General Header Files</Filter>
    </ClInclude>
    <ClInclude Include="sni_cartunify.h">
      <Filter>General Header Files</Filter>
    </ClInclude>
    <ClInclude Include="sni_cart.h">
      <Filter>General Header Files</Filter>
    </ClInclude>
    <ClInclude Include="sni_frame.h">
      <Filter>General Header Files</Filter>
    </ClInclude>
    <ClInclude Include="sni_log.h">
      <Filter>General Header Files</Filter>
    </ClInclude>
    <ClInclude Include="sni_debugcommand.h">
      <Filter>General Header Files</Filter>
    </ClInclude>
    <ClInclude Include="sni_thread.h">
      <Filter>General Header Files</Filter>
    </ClInclude>
    <ClInclude Include="..\inc\sn_thread.h">
      <Filter>Interface Header Files</Filter>
    </ClInclude>
    <ClInclude Include="sni_logbuffer.h">
      <Filter>General Header Files</Filter>
    </ClInclude>
    <ClInclude Include="..\inc\sn_transaction.h">
      <Filter>Interface Header Files</Filter>
    </ClInclude>
    <ClInclude Include="sni_displayoptions.h">
      <Filter>General Header Files</Filter>
    </ClInclude>
    <ClInclude Include="sni_transaction.h">
      <Filter>General Header Files</Filter>
    </ClInclude>
    <ClInclude Include="..\inc\sn_class.h">
      <Filter>Interface Header Files</Filter>
    </ClInclude>
    <ClInclude Include="..\inc\sn_instance.h">
      <Filter>Interface Header Files</Filter>
    </ClInclude>
    <ClInclude Include="..\inc\sn_mapping.h">
      <Filter>Interface Header Files</Filter>
    </ClInclude>
    <ClInclude Include="..\inc\sn_vector.h">
      <Filter>Interface Header Files</Filter>
    </ClInclude>
    <ClInclude Include="sni_add.h">
      <Filter>Function Header Files</Filter>
    </ClInclude>
    <ClInclude Include="sni_and.h">
      <Filter>Function Header Files</Filter>
    </ClInclude>
    <ClInclude Include="sni_attributedef.h">
      <Filter>Function Header Files</Filter>
    </ClInclude>
    <ClInclude Include="sni_binary.h">
      <Filter>Function Header Files</Filter>
    </ClInclude>
    <ClInclude Include="sni_collapse.h">
      <Filter>Function Header Files</Filter>
    </ClInclude>
    <ClInclude Include="sni_comparison.h">
      <Filter>Function Header Files</Filter>
    </ClInclude>
    <ClInclude Include="sni_concat.h">
      <Filter>Function Header Files</Filter>
    </ClInclude>
    <ClInclude Include="sni_countall.h">
      <Filter>Function Header Files</Filter>
    </ClInclude>
    <ClInclude Include="sni_countif.h">
      <Filter>Function Header Files</Filter>
    </ClInclude>
    <ClInclude Include="sni_divide.h">
      <Filter>Function Header Files</Filter>
    </ClInclude>
    <ClInclude Include="sni_doubletostring.h">
      <Filter>Function Header Files</Filter>
    </ClInclude>
    <ClInclude Include="sni_equals.h">
      <Filter>Function Header Files</Filter>
    </ClInclude>
    <ClInclude Include="sni_greaterequals.h">
      <Filter>Function Header Files</Filter>
    </ClInclude>
    <ClInclude Include="sni_greaterthan.h">
      <Filter>Function Header Files</Filter>
    </ClInclude>
    <ClInclude Include="sni_hasa.h">
      <Filter>Function Header Files</Filter>
    </ClInclude>
    <ClInclude Include="sni_hasmember.h">
      <Filter>Function Header Files</Filter>
    </ClInclude>
    <ClInclude Include="sni_if.h">
      <Filter>Function Header Files</Filter>
    </ClInclude>
    <ClInclude Include="sni_implies.h">
      <Filter>Function Header Files</Filter>
    </ClInclude>
    <ClInclude Include="sni_isa.h">
      <Filter>Function Header Files</Filter>
    </ClInclude>
    <ClInclude Include="sni_inttostring.h">
      <Filter>Function Header Files</Filter>
    </ClInclude>
    <ClInclude Include="sni_lessequals.h">
      <Filter>Function Header Files</Filter>
    </ClInclude>
    <ClInclude Include="sni_lessgreater.h">
      <Filter>Function Header Files</Filter>
    </ClInclude>
    <ClInclude Include="sni_lessthan.h">
      <Filter>Function Header Files</Filter>
    </ClInclude>
    <ClInclude Include="sni_lookaheadleft.h">
      <Filter>Function Header Files</Filter>
    </ClInclude>
    <ClInclude Include="sni_lookaheadright.h">
      <Filter>Function Header Files</Filter>
    </ClInclude>
    <ClInclude Include="sni_multiply.h">
      <Filter>Function Header Files</Filter>
    </ClInclude>
    <ClInclude Include="sni_negative.h">
      <Filter>Function Header Files</Filter>
    </ClInclude>
    <ClInclude Include="sni_not.h">
      <Filter>Function Header Files</Filter>
    </ClInclude>
    <ClInclude Include="sni_or.h">
      <Filter>Function Header Files</Filter>
    </ClInclude>
    <ClInclude Include="sni_revand.h">
      <Filter>Function Header Files</Filter>
    </ClInclude>
    <ClInclude Include="sni_revor.h">
      <Filter>Function Header Files</Filter>
    </ClInclude>
    <ClInclude Include="sni_reversesubscript.h">
      <Filter>Function Header Files</Filter>
    </ClInclude>
    <ClInclude Include="sni_same.h">
      <Filter>Function Header Files</Filter>
    </ClInclude>
    <ClInclude Include="sni_selectleftchar.h">
      <Filter>Function Header Files</Filter>
    </ClInclude>
    <ClInclude Include="sni_selectrightchar.h">
      <Filter>Function Header Files</Filter>
    </ClInclude>
    <ClInclude Include="sni_square.h">
      <Filter>Function Header Files</Filter>
    </ClInclude>
    <ClInclude Include="sni_squareroot.h">
      <Filter>Function Header Files</Filter>
    </ClInclude>
    <ClInclude Include="sni_stringtodouble.h">
      <Filter>Function Header Files</Filter>
    </ClInclude>
    <ClInclude Include="sni_subtract.h">
      <Filter>Function Header Files</Filter>
    </ClInclude>
    <ClInclude Include="sni_subtractleft.h">
      <Filter>Function Header Files</Filter>
    </ClInclude>
    <ClInclude Include="sni_subtractleftchar.h">
      <Filter>Function Header Files</Filter>
    </ClInclude>
    <ClInclude Include="sni_subtractright.h">
      <Filter>Function Header Files</Filter>
    </ClInclude>
    <ClInclude Include="sni_unary.h">
      <Filter>Function Header Files</Filter>
    </ClInclude>
    <ClInclude Include="sni_unaryand.h">
      <Filter>Function Header Files</Filter>
    </ClInclude>
    <ClInclude Include="sni_unaryor.h">
      <Filter>Function Header Files</Filter>
    </ClInclude>
    <ClInclude Include="sni_sum.h">
      <Filter>Function Header Files</Filter>
    </ClInclude>
    <ClInclude Include="..\inc\sn_virtual.h">
      <Filter>Interface Header Files</Filter>
    </ClInclude>
    <ClInclude Include="..\inc\sn_derived.h">
      <Filter>Interface Header Files</Filter>
    </ClInclude>
    <ClInclude Include="sni_functiondef.h">
      <Filter>Function Header Files</Filter>
    </ClInclude>
    <ClInclude Include="sni_subtractrightchar.h">
      <Filter>Function Header Files</Filter>
    </ClInclude>
    <ClInclude Include="sni_bool.h">
      <Filter>Type Header Files</Filter>
    </ClInclude>
    <ClInclude Include="sni_char.h">
      <Filter>Type Header Files</Filter>
    </ClInclude>
    <ClInclude Include="sni_class.h">
      <Filter>Type Header Files</Filter>
    </ClInclude>
    <ClInclude Include="sni_error.h">
      <Filter>Type Header Files</Filter>
    </ClInclude>
    <ClInclude Include="sni_real.h">
      <Filter>Type Header Files</Filter>
    </ClInclude>
    <ClInclude Include="sni_vector.h">
      <Filter>Type Header Files</Filter>
    </ClInclude>
    <ClInclude Include="sni_virtual.h">
      <Filter>Type Header Files</Filter>
    </ClInclude>
    <ClInclude Include="sni_valueset.h">
      <Filter>Type Header Files</Filter>
    </ClInclude>
    <ClInclude Include="sni_value.h">
      <Filter>Type Header Files</Filter>
    </ClInclude>
    <ClInclude Include="sni_null.h">
      <Filter>Type Header Files</Filter>
    </ClInclude>
    <ClInclude Include="sni_number.h">
      <Filter>Type Header Files</Filter>
    </ClInclude>
    <ClInclude Include="sni_instance.h">
      <Filter>Type Header Files</Filter>
    </ClInclude>
    <ClInclude Include="sni_derived.h">
      <Filter>Type Header Files</Filter>
    </ClInclude>
    <ClInclude Include="sni_stringref.h">
      <Filter>Type Header Files</Filter>
    </ClInclude>
    <ClInclude Include="sni_string.h">
      <Filter>Type Header Files</Filter>
    </ClInclude>
    <ClInclude Include="sni_stringtoint.h">
      <Filter>Function Header Files</Filter>
    </ClInclude>
    <ClInclude Include="sni_set.h">
      <Filter>Type Header Files</Filter>
    </ClInclude>
    <ClInclude Include="sni_function.h">
      <Filter>Expression Header Files</Filter>
    </ClInclude>
    <ClInclude Include="sni_lambda.h">
      <Filter>Expression Header Files</Filter>
    </ClInclude>
    <ClInclude Include="sni_let.h">
      <Filter>Expression Header Files</Filter>
    </ClInclude>
    <ClInclude Include="sni_local.h">
      <Filter>Expression Header Files</Filter>
    </ClInclude>
    <ClInclude Include="sni_meta.h">
      <Filter>Expression Header Files</Filter>
    </ClInclude>
    <ClInclude Include="sni_variable.h">
      <Filter>Expression Header Files</Filter>
    </ClInclude>
    <ClInclude Include="sni_subscript.h">
      <Filter>Function Header Files</Filter>
    </ClInclude>
    <ClInclude Include="sni_file.h">
      <Filter>Function Header Files</Filter>
    </ClInclude>
    <ClInclude Include="sni_define.h">
      <Filter>Expression Header Files</Filter>
    </ClInclude>
    <ClInclude Include="sni_mapping.h">
      <Filter>Type Header Files</Filter>
    </ClInclude>
    <ClInclude Include="sni_buildset.h">
      <Filter>Function Header Files</Filter>
    </ClInclude>
    <ClInclude Include="sni_expression.h">
      <Filter>Expression Header Files</Filter>
    </ClInclude>
    <ClInclude Include="sni_vardef.h">
      <Filter>Expression Header Files</Filter>
    </ClInclude>
    <ClInclude Include="sni_debug.h">
      <Filter>Expression Header Files</Filter>
    </ClInclude>
    <ClInclude Include="http_connection.h">
      <Filter>HTTP Header Files</Filter>
    </ClInclude>
    <ClInclude Include="http_connection_manager.h">
      <Filter>HTTP Header Files</Filter>
    </ClInclude>
    <ClInclude Include="http_header.h">
      <Filter>HTTP Header Files</Filter>
    </ClInclude>
    <ClInclude Include="http_mime_types.h">
      <Filter>HTTP Header Files</Filter>
    </ClInclude>
    <ClInclude Include="http_reply.h">
      <Filter>HTTP Header Files</Filter>
    </ClInclude>
    <ClInclude Include="http_request.h">
      <Filter>HTTP Header Files</Filter>
    </ClInclude>
    <ClInclude Include="http_request_handler.h">
      <Filter>HTTP Header Files</Filter>
    </ClInclude>
    <ClInclude Include="http_request_parser.h">
      <Filter>HTTP Header Files</Filter>
    </ClInclude>
    <ClInclude Include="http_server.h">
      <Filter>HTTP Header Files</Filter>
    </ClInclude>
    <ClInclude Include="sni_assert.h">
      <Filter>Function Header Files</Filter>
    </ClInclude>
    <ClInclude Include="sni_partialassert.h">
      <Filter>Function Header Files</Filter>
    </ClInclude>
    <ClInclude Include="sni_evaluate.h">
      <Filter>Function Header Files</Filter>
    </ClInclude>
    <ClInclude Include="sni_partialevaluate.h">
      <Filter>Function Header Files</Filter>
    </ClInclude>
    <ClInclude Include="sni_domain.h">
      <Filter>Type Header Files</Filter>
    </ClInclude>
    <ClInclude Include="..\inc\sn_domain.h">
      <Filter>Interface Header Files</Filter>
    </ClInclude>
    <ClInclude Include="sni_metalevel.h">
      <Filter>Function Header Files</Filter>
    </ClInclude>
    <ClInclude Include="sni_callrecord.h">
      <Filter>General Header Files</Filter>
    </ClInclude>
  </ItemGroup>
  <ItemGroup>
    <ClCompile Include="log.cpp">
      <Filter>General Source Files</Filter>
    </ClCompile>
    <ClCompile Include="logcontext.cpp">
      <Filter>General Source Files</Filter>
    </ClCompile>
    <ClCompile Include="sni_define.cpp">
      <Filter>General Source Files</Filter>
    </ClCompile>
    <ClCompile Include="sni_namable.cpp">
      <Filter>General Source Files</Filter>
    </ClCompile>
    <ClCompile Include="sni_object.cpp">
      <Filter>General Source Files</Filter>
    </ClCompile>
    <ClCompile Include="sni_replacement.cpp">
      <Filter>General Source Files</Filter>
    </ClCompile>
    <ClCompile Include="sni_taggedvalue.cpp">
      <Filter>General Source Files</Filter>
    </ClCompile>
    <ClCompile Include="sni_world.cpp">
      <Filter>General Source Files</Filter>
    </ClCompile>
    <ClCompile Include="sni_worldset.cpp">
      <Filter>General Source Files</Filter>
    </ClCompile>
    <ClCompile Include="utility.cpp">
      <Filter>General Source Files</Filter>
    </ClCompile>
    <ClCompile Include="sni_delayedcall.cpp">
      <Filter>General Source Files</Filter>
    </ClCompile>
    <ClCompile Include="sni_delayedprocessor.cpp">
      <Filter>General Source Files</Filter>
    </ClCompile>
    <ClCompile Include="sni_result.cpp">
      <Filter>General Source Files</Filter>
    </ClCompile>
    <ClCompile Include="sni_helpers.cpp">
      <Filter>General Source Files</Filter>
    </ClCompile>
    <ClCompile Include="sni_manager.cpp">
      <Filter>General Source Files</Filter>
    </ClCompile>
    <ClCompile Include="sni_cartesian.cpp">
      <Filter>General Source Files</Filter>
    </ClCompile>
    <ClCompile Include="sni_splitter.cpp">
      <Filter>General Source Files</Filter>
    </ClCompile>
    <ClCompile Include="sni_cartcall.cpp">
      <Filter>General Source Files</Filter>
    </ClCompile>
    <ClCompile Include="sni_cartunify.cpp">
      <Filter>General Source Files</Filter>
    </ClCompile>
    <ClCompile Include="sni_frame.cpp">
      <Filter>General Source Files</Filter>
    </ClCompile>
    <ClCompile Include="sni_log.cpp">
      <Filter>General Source Files</Filter>
    </ClCompile>
    <ClCompile Include="sni_debugcommand.cpp">
      <Filter>General Source Files</Filter>
    </ClCompile>
    <ClCompile Include="sni_thread.cpp">
      <Filter>General Source Files</Filter>
    </ClCompile>
    <ClCompile Include="sni_logbuffer.cpp">
      <Filter>General Source Files</Filter>
    </ClCompile>
    <ClCompile Include="sni_displayoptions.cpp">
      <Filter>General Source Files</Filter>
    </ClCompile>
    <ClCompile Include="sni_transaction.cpp">
      <Filter>General Source Files</Filter>
    </ClCompile>
    <ClCompile Include="sn.cpp">
      <Filter>Interface Source Files</Filter>
    </ClCompile>
    <ClCompile Include="sn_bool.cpp">
      <Filter>Interface Source Files</Filter>
    </ClCompile>
    <ClCompile Include="sn_cartesian.cpp">
      <Filter>Interface Source Files</Filter>
    </ClCompile>
    <ClCompile Include="sn_char.cpp">
      <Filter>Interface Source Files</Filter>
    </ClCompile>
    <ClCompile Include="sn_class.cpp">
      <Filter>Interface Source Files</Filter>
    </ClCompile>
    <ClCompile Include="sn_debug.cpp">
      <Filter>Interface Source Files</Filter>
    </ClCompile>
    <ClCompile Include="sn_define.cpp">
      <Filter>Interface Source Files</Filter>
    </ClCompile>
    <ClCompile Include="sn_error.cpp">
      <Filter>Interface Source Files</Filter>
    </ClCompile>
    <ClCompile Include="sn_expression.cpp">
      <Filter>Interface Source Files</Filter>
    </ClCompile>
    <ClCompile Include="sn_function.cpp">
      <Filter>Interface Source Files</Filter>
    </ClCompile>
    <ClCompile Include="sn_functiondef.cpp">
      <Filter>Interface Source Files</Filter>
    </ClCompile>
    <ClCompile Include="sn_instance.cpp">
      <Filter>Interface Source Files</Filter>
    </ClCompile>
    <ClCompile Include="sn_lambda.cpp">
      <Filter>Interface Source Files</Filter>
    </ClCompile>
    <ClCompile Include="sn_let.cpp">
      <Filter>Interface Source Files</Filter>
    </ClCompile>
    <ClCompile Include="sn_local.cpp">
      <Filter>Interface Source Files</Filter>
    </ClCompile>
    <ClCompile Include="sn_manager.cpp">
      <Filter>Interface Source Files</Filter>
    </ClCompile>
    <ClCompile Include="sn_mapping.cpp">
      <Filter>Interface Source Files</Filter>
    </ClCompile>
    <ClCompile Include="sn_meta.cpp">
      <Filter>Interface Source Files</Filter>
    </ClCompile>
    <ClCompile Include="sn_null.cpp">
      <Filter>Interface Source Files</Filter>
    </ClCompile>
    <ClCompile Include="sn_number.cpp">
      <Filter>Interface Source Files</Filter>
    </ClCompile>
    <ClCompile Include="sn_object.cpp">
      <Filter>Interface Source Files</Filter>
    </ClCompile>
    <ClCompile Include="sn_operators.cpp">
      <Filter>Interface Source Files</Filter>
    </ClCompile>
    <ClCompile Include="sn_parameter.cpp">
      <Filter>Interface Source Files</Filter>
    </ClCompile>
    <ClCompile Include="sn_pch.cpp">
      <Filter>Interface Source Files</Filter>
    </ClCompile>
    <ClCompile Include="sn_set.cpp">
      <Filter>Interface Source Files</Filter>
    </ClCompile>
    <ClCompile Include="sn_string.cpp">
      <Filter>Interface Source Files</Filter>
    </ClCompile>
    <ClCompile Include="sn_stringref.cpp">
      <Filter>Interface Source Files</Filter>
    </ClCompile>
    <ClCompile Include="sn_thread.cpp">
      <Filter>Interface Source Files</Filter>
    </ClCompile>
    <ClCompile Include="sn_transaction.cpp">
      <Filter>Interface Source Files</Filter>
    </ClCompile>
    <ClCompile Include="sn_value.cpp">
      <Filter>Interface Source Files</Filter>
    </ClCompile>
    <ClCompile Include="sn_valueset.cpp">
      <Filter>Interface Source Files</Filter>
    </ClCompile>
    <ClCompile Include="sn_variable.cpp">
      <Filter>Interface Source Files</Filter>
    </ClCompile>
    <ClCompile Include="sn_vector.cpp">
      <Filter>Interface Source Files</Filter>
    </ClCompile>
    <ClCompile Include="sni_buildset.cpp">
      <Filter>Function Source Files</Filter>
    </ClCompile>
    <ClCompile Include="sni_concat.cpp">
      <Filter>Function Source Files</Filter>
    </ClCompile>
    <ClCompile Include="sni_countall.cpp">
      <Filter>Function Source Files</Filter>
    </ClCompile>
    <ClCompile Include="sni_countif.cpp">
      <Filter>Function Source Files</Filter>
    </ClCompile>
    <ClCompile Include="sni_collapse.cpp">
      <Filter>Function Source Files</Filter>
    </ClCompile>
    <ClCompile Include="sni_comparison.cpp">
      <Filter>Function Source Files</Filter>
    </ClCompile>
    <ClCompile Include="sni_functiondef.cpp">
      <Filter>Function Source Files</Filter>
    </ClCompile>
    <ClCompile Include="sni_divide.cpp">
      <Filter>Function Source Files</Filter>
    </ClCompile>
    <ClCompile Include="sni_doubletostring.cpp">
      <Filter>Function Source Files</Filter>
    </ClCompile>
    <ClCompile Include="sni_equals.cpp">
      <Filter>Function Source Files</Filter>
    </ClCompile>
    <ClCompile Include="sni_greaterequals.cpp">
      <Filter>Function Source Files</Filter>
    </ClCompile>
    <ClCompile Include="sni_greaterthan.cpp">
      <Filter>Function Source Files</Filter>
    </ClCompile>
    <ClCompile Include="sni_hasa.cpp">
      <Filter>Function Source Files</Filter>
    </ClCompile>
    <ClCompile Include="sni_hasmember.cpp">
      <Filter>Function Source Files</Filter>
    </ClCompile>
    <ClCompile Include="sni_and.cpp">
      <Filter>Function Source Files</Filter>
    </ClCompile>
    <ClCompile Include="sni_attributedef.cpp">
      <Filter>Function Source Files</Filter>
    </ClCompile>
    <ClCompile Include="sni_binary.cpp">
      <Filter>Function Source Files</Filter>
    </ClCompile>
    <ClCompile Include="sni_isa.cpp">
      <Filter>Function Source Files</Filter>
    </ClCompile>
    <ClCompile Include="sni_lessequals.cpp">
      <Filter>Function Source Files</Filter>
    </ClCompile>
    <ClCompile Include="sni_lessthan.cpp">
      <Filter>Function Source Files</Filter>
    </ClCompile>
    <ClCompile Include="sni_lookaheadleft.cpp">
      <Filter>Function Source Files</Filter>
    </ClCompile>
    <ClCompile Include="sni_lookaheadright.cpp">
      <Filter>Function Source Files</Filter>
    </ClCompile>
    <ClCompile Include="sni_multiply.cpp">
      <Filter>Function Source Files</Filter>
    </ClCompile>
    <ClCompile Include="sni_negative.cpp">
      <Filter>Function Source Files</Filter>
    </ClCompile>
    <ClCompile Include="sni_not.cpp">
      <Filter>Function Source Files</Filter>
    </ClCompile>
    <ClCompile Include="sni_or.cpp">
      <Filter>Function Source Files</Filter>
    </ClCompile>
    <ClCompile Include="sni_revand.cpp">
      <Filter>Function Source Files</Filter>
    </ClCompile>
    <ClCompile Include="sni_reversesubscript.cpp">
      <Filter>Function Source Files</Filter>
    </ClCompile>
    <ClCompile Include="sni_revor.cpp">
      <Filter>Function Source Files</Filter>
    </ClCompile>
    <ClCompile Include="sni_same.cpp">
      <Filter>Function Source Files</Filter>
    </ClCompile>
    <ClCompile Include="sni_selectleftchar.cpp">
      <Filter>Function Source Files</Filter>
    </ClCompile>
    <ClCompile Include="sni_selectrightchar.cpp">
      <Filter>Function Source Files</Filter>
    </ClCompile>
    <ClCompile Include="sni_square.cpp">
      <Filter>Function Source Files</Filter>
    </ClCompile>
    <ClCompile Include="sni_inttostring.cpp">
      <Filter>Function Source Files</Filter>
    </ClCompile>
    <ClCompile Include="sni_squareroot.cpp">
      <Filter>Function Source Files</Filter>
    </ClCompile>
    <ClCompile Include="sni_stringtodouble.cpp">
      <Filter>Function Source Files</Filter>
    </ClCompile>
    <ClCompile Include="sni_stringtoint.cpp">
      <Filter>Function Source Files</Filter>
    </ClCompile>
    <ClCompile Include="sni_subscript.cpp">
      <Filter>Function Source Files</Filter>
    </ClCompile>
    <ClCompile Include="sni_subtract.cpp">
      <Filter>Function Source Files</Filter>
    </ClCompile>
    <ClCompile Include="sni_subtractleft.cpp">
      <Filter>Function Source Files</Filter>
    </ClCompile>
    <ClCompile Include="sni_subtractleftchar.cpp">
      <Filter>Function Source Files</Filter>
    </ClCompile>
    <ClCompile Include="sni_subtractright.cpp">
      <Filter>Function Source Files</Filter>
    </ClCompile>
    <ClCompile Include="sni_subtractrightchar.cpp">
      <Filter>Function Source Files</Filter>
    </ClCompile>
    <ClCompile Include="sni_unary.cpp">
      <Filter>Function Source Files</Filter>
    </ClCompile>
    <ClCompile Include="sni_unaryand.cpp">
      <Filter>Function Source Files</Filter>
    </ClCompile>
    <ClCompile Include="sni_unaryor.cpp">
      <Filter>Function Source Files</Filter>
    </ClCompile>
    <ClCompile Include="sni_implies.cpp">
      <Filter>Function Source Files</Filter>
    </ClCompile>
    <ClCompile Include="sni_if.cpp">
      <Filter>Function Source Files</Filter>
    </ClCompile>
    <ClCompile Include="sni_add.cpp">
      <Filter>Interface Source Files</Filter>
    </ClCompile>
    <ClCompile Include="sni_sum.cpp">
      <Filter>Function Source Files</Filter>
    </ClCompile>
    <ClCompile Include="sn_derived.cpp">
      <Filter>Interface Source Files</Filter>
    </ClCompile>
    <ClCompile Include="sn_virtual.cpp">
      <Filter>Interface Source Files</Filter>
    </ClCompile>
    <ClCompile Include="sni_bool.cpp">
      <Filter>Type Source Files</Filter>
    </ClCompile>
    <ClCompile Include="sni_char.cpp">
      <Filter>Type Source Files</Filter>
    </ClCompile>
    <ClCompile Include="sni_class.cpp">
      <Filter>Type Source Files</Filter>
    </ClCompile>
    <ClCompile Include="sni_error.cpp">
      <Filter>Type Source Files</Filter>
    </ClCompile>
    <ClCompile Include="sni_vector.cpp">
      <Filter>Type Source Files</Filter>
    </ClCompile>
    <ClCompile Include="sni_string.cpp">
      <Filter>Type Source Files</Filter>
    </ClCompile>
    <ClCompile Include="sni_stringref.cpp">
      <Filter>Type Source Files</Filter>
    </ClCompile>
    <ClCompile Include="sni_derived.cpp">
      <Filter>Type Source Files</Filter>
    </ClCompile>
    <ClCompile Include="sni_set.cpp">
      <Filter>Type Source Files</Filter>
    </ClCompile>
    <ClCompile Include="sni_number.cpp">
      <Filter>Type Source Files</Filter>
    </ClCompile>
    <ClCompile Include="sni_value.cpp">
      <Filter>Type Source Files</Filter>
    </ClCompile>
    <ClCompile Include="sni_virtual.cpp">
      <Filter>Type Source Files</Filter>
    </ClCompile>
    <ClCompile Include="sni_instance.cpp">
      <Filter>Type Source Files</Filter>
    </ClCompile>
    <ClCompile Include="sni_null.cpp">
      <Filter>Type Source Files</Filter>
    </ClCompile>
    <ClCompile Include="sni_file.cpp">
      <Filter>Function Source Files</Filter>
    </ClCompile>
    <ClCompile Include="http_server.cpp">
      <Filter>HTTP Source Files</Filter>
    </ClCompile>
    <ClCompile Include="http_connection.cpp">
      <Filter>HTTP Source Files</Filter>
    </ClCompile>
    <ClCompile Include="http_connection_manager.cpp">
      <Filter>HTTP Source Files</Filter>
    </ClCompile>
    <ClCompile Include="http_mime_types.cpp">
      <Filter>HTTP Source Files</Filter>
    </ClCompile>
    <ClCompile Include="http_reply.cpp">
      <Filter>HTTP Source Files</Filter>
    </ClCompile>
    <ClCompile Include="http_request_handler.cpp">
      <Filter>HTTP Source Files</Filter>
    </ClCompile>
    <ClCompile Include="http_request_parser.cpp">
      <Filter>HTTP Source Files</Filter>
    </ClCompile>
    <ClCompile Include="sni_variable.cpp">
      <Filter>Expression Source Files</Filter>
    </ClCompile>
    <ClCompile Include="sni_meta.cpp">
      <Filter>Expression Source Files</Filter>
    </ClCompile>
    <ClCompile Include="sni_lambda.cpp">
      <Filter>Expression Source Files</Filter>
    </ClCompile>
    <ClCompile Include="sni_let.cpp">
      <Filter>Expression Source Files</Filter>
    </ClCompile>
    <ClCompile Include="sni_local.cpp">
      <Filter>Expression Source Files</Filter>
    </ClCompile>
    <ClCompile Include="sni_function.cpp">
      <Filter>Expression Source Files</Filter>
    </ClCompile>
    <ClCompile Include="sni_expression.cpp">
      <Filter>Expression Source Files</Filter>
    </ClCompile>
    <ClCompile Include="sni_debug.cpp">
      <Filter>Expression Source Files</Filter>
    </ClCompile>
    <ClCompile Include="sni_vardef.cpp">
      <Filter>Expression Source Files</Filter>
    </ClCompile>
    <ClCompile Include="sni_valueset.cpp">
      <Filter>Type Source Files</Filter>
    </ClCompile>
    <ClCompile Include="sni_mapping.cpp">
      <Filter>Type Source Files</Filter>
    </ClCompile>
    <ClCompile Include="sni_assert.cpp">
      <Filter>Function Source Files</Filter>
    </ClCompile>
    <ClCompile Include="sni_partialassert.cpp">
      <Filter>Function Source Files</Filter>
    </ClCompile>
    <ClCompile Include="sni_evaluate.cpp">
      <Filter>Function Source Files</Filter>
    </ClCompile>
    <ClCompile Include="sni_partialevaluate.cpp">
      <Filter>Function Source Files</Filter>
    </ClCompile>
    <ClCompile Include="sni_domain.cpp">
      <Filter>Type Source Files</Filter>
    </ClCompile>
    <ClCompile Include="sn_domain.cpp">
      <Filter>Interface Source Files</Filter>
    </ClCompile>
    <ClCompile Include="sni_metalevel.cpp">
      <Filter>Function Source Files</Filter>
    </ClCompile>
    <ClCompile Include="sni_callrecord.cpp">
      <Filter>General Source Files</Filter>
    </ClCompile>
  </ItemGroup>
  <ItemGroup>
    <None Include="..\html\skynetjs.html">
      <Filter>HTML Files</Filter>
    </None>
    <None Include="..\html\style.css">
      <Filter>HTML Files</Filter>
    </None>
  </ItemGroup>
  <ItemGroup>
    <Image Include="..\html\favicon.ico">
      <Filter>HTML Files</Filter>
    </Image>
  </ItemGroup>
</Project>